github.com/davecgh/go-spew v1.1.1 h1:vj9j/u1bqnvCEfJOwUhtlOARqs3+rkHYY13jYWTU97c=
github.com/google/go-cmp v0.5.9 h1:O2Tfq5qg4qc4AmwVlvv0oLiVAGB7enBSJ2x2DqQFi38=
github.com/google/go-cmp v0.5.9/go.mod h1:17dUlkBOakJ0+DkrSSNjCkIjxS6bF9zb3elmeNGIjoY=
github.com/jaevor/go-nanoid v1.3.0 h1:nD+iepesZS6pr3uOVf20vR9GdGgJW1HPaR46gtrxzkg=
github.com/jaevor/go-nanoid v1.3.0/go.mod h1:SI+jFaPuddYkqkVQoNGHs81navCtH388TcrH0RqFKgY=
github.com/pmezard/go-difflib v1.0.0 h1:4DBwDE0NGyQoBHbLQYPwSUPoCMWR5BEzIk/f1lZbAQM=
github.com/stretchr/testify v1.8.0 h1:pSgiaMZlXftHpm5L7V1+rVB+AZJydKsMxsQBIJw4PKk=
github.com/xilapa/go-tiny-projects/test-assertions v0.0.0-20230119015138-fad46f66ffab h1:n37Kih2q6GJMbmN7Qn+CphnwfjlL397LIIBh1YBOAkY=
github.com/xilapa/go-tiny-projects/test-assertions v0.0.0-20230119015138-fad46f66ffab/go.mod h1:Ufw9Urnn9sbDNc0e0j08WxzTbIrqCXxk93I/aKGonm0=
github.com/xilapa/go-tiny-projects/test-assertions v0.0.0-20230131013927-46df9924699c h1:pitEsUsQzkhHIQ6+cKMANWpQp5/u17NMJ1MYogF0HqU=
github.com/xilapa/go-tiny-projects/test-assertions v0.0.0-20230131013927-46df9924699c/go.mod h1:Ufw9Urnn9sbDNc0e0j08WxzTbIrqCXxk93I/aKGonm0=
gopkg.in/yaml.v3 v3.0.1 h1:fxVm/GzAzEWqLHuvctI91KS9hhNmmWOoWu0XTYJS7CA=
